
Microsoft Visual Studio Solution File, Format Version 12.00
# Visual Studio Version 17
VisualStudioVersion = 17.3.32929.385
MinimumVisualStudioVersion = 10.0.40219.1
Project("{2150E333-8FDC-42A3-9474-1A3956D46DE8}") = "Solution Items", "Solution Items", "{D6CD0938-C0AD-425C-9327-9A75E9E70F4E}"
	ProjectSection(SolutionItems) = preProject
		.github\workflows\dotnet.yml = .github\workflows\dotnet.yml
	EndProjectSection
EndProject
Project("{2150E333-8FDC-42A3-9474-1A3956D46DE8}") = "src", "src", "{1F8EA7E3-BBE9-4672-AB01-E96F0CE135FA}"
EndProject
Project("{2150E333-8FDC-42A3-9474-1A3956D46DE8}") = "test", "test", "{B338B686-0DAB-49D2-8AF4-E42A153A9BBB}"
EndProject
Project("{2150E333-8FDC-42A3-9474-1A3956D46DE8}") = "Services", "Services", "{04AE61CF-BD53-48FD-BFC4-B79DB7CB1570}"
EndProject
Project("{2150E333-8FDC-42A3-9474-1A3956D46DE8}") = "ShippingService", "ShippingService", "{885E9873-91ED-49F6-8A0E-EEA2968AFADC}"
EndProject
Project("{2150E333-8FDC-42A3-9474-1A3956D46DE8}") = "ProductService", "ProductService", "{FCE841C0-A2C8-48E3-896F-AC05E70BC60B}"
EndProject
Project("{9A19103F-16F7-4668-BE54-9A1E7A4F7556}") = "AuthorizationService.API", "Services\AuthorizationService\AuthorizationService.API\AuthorizationService.API.csproj", "{66554E2C-B86E-498F-9317-9805B1EC2B4E}"
EndProject
Project("{FAE04EC0-301F-11D3-BF4B-00C04F79EFBC}") = "AuthorizationService.BLL", "Services\AuthorizationService\AuthorizationService.BLL\AuthorizationService.BLL.csproj", "{C6BA1000-788D-4D1E-AF8D-D1A268EE3878}"
EndProject
Project("{FAE04EC0-301F-11D3-BF4B-00C04F79EFBC}") = "AuthorizationService.DAL", "Services\AuthorizationService\AuthorizationService.DAL\AuthorizationService.DAL.csproj", "{BA0F849F-A41E-4BD0-A107-3A42A6D86E52}"
EndProject
Project("{9A19103F-16F7-4668-BE54-9A1E7A4F7556}") = "ShippingService.API", "Services\ShippingService\ShippingService.API\ShippingService.API.csproj", "{A466C556-3E26-4B00-B294-2466C0E2EFDA}"
EndProject
Project("{9A19103F-16F7-4668-BE54-9A1E7A4F7556}") = "ShippingService.BLL", "Services\ShippingService\ShippingService.BLL\ShippingService.BLL.csproj", "{77FF3C22-4AC9-48DE-9F24-D0DFF694DE03}"
EndProject
Project("{9A19103F-16F7-4668-BE54-9A1E7A4F7556}") = "ShippingService.DAL", "Services\ShippingService\ShippingService.DAL\ShippingService.DAL.csproj", "{A08A6235-919E-49CA-A15F-1A63D05A8F10}"
EndProject
Project("{9A19103F-16F7-4668-BE54-9A1E7A4F7556}") = "IVCRM.API", "Services\ProductService\IVCRM.API\IVCRM.API.csproj", "{A5BB6D9A-9EBE-4F11-B7AA-0776D865E5C1}"
EndProject
Project("{9A19103F-16F7-4668-BE54-9A1E7A4F7556}") = "IVCRM.BLL", "Services\ProductService\IVCRM.BLL\IVCRM.BLL.csproj", "{638C3EB4-821F-4D5C-8089-CCE87E67C0BC}"
EndProject
Project("{9A19103F-16F7-4668-BE54-9A1E7A4F7556}") = "IVCRM.DAL", "Services\ProductService\IVCRM.DAL\IVCRM.DAL.csproj", "{25A0F3ED-9757-4641-8E86-A0F609C5709A}"
EndProject
Project("{9A19103F-16F7-4668-BE54-9A1E7A4F7556}") = "IVCRM.API.IntegrationTests", "Services\ProductService\IVCRM.API.IntegrationTests\IVCRM.API.IntegrationTests.csproj", "{70D2BCA4-BB25-46A1-99BF-C2016EBEB6BE}"
EndProject
Project("{9A19103F-16F7-4668-BE54-9A1E7A4F7556}") = "IVCRM.BLL.UnitTests", "Services\ProductService\IVCRM.BLL.UnitTests\IVCRM.BLL.UnitTests.csproj", "{B61309A6-E5DD-4AE7-A397-A9D264500767}"
EndProject
Project("{9A19103F-16F7-4668-BE54-9A1E7A4F7556}") = "IVCRM.DAL.IntegrationTests", "Services\ProductService\IVCRM.DAL.IntegrationTests\IVCRM.DAL.IntegrationTests.csproj", "{6A205FD5-178F-4274-B27D-2068D6FAF762}"
EndProject
Global
	GlobalSection(SolutionConfigurationPlatforms) = preSolution
		Debug|Any CPU = Debug|Any CPU
		Release|Any CPU = Release|Any CPU
	EndGlobalSection
	GlobalSection(ProjectConfigurationPlatforms) = postSolution
		{A466C556-3E26-4B00-B294-2466C0E2EFDA}.Debug|Any CPU.ActiveCfg = Debug|Any CPU
		{A466C556-3E26-4B00-B294-2466C0E2EFDA}.Debug|Any CPU.Build.0 = Debug|Any CPU
		{A466C556-3E26-4B00-B294-2466C0E2EFDA}.Release|Any CPU.ActiveCfg = Release|Any CPU
		{A466C556-3E26-4B00-B294-2466C0E2EFDA}.Release|Any CPU.Build.0 = Release|Any CPU
		{77FF3C22-4AC9-48DE-9F24-D0DFF694DE03}.Debug|Any CPU.ActiveCfg = Debug|Any CPU
		{77FF3C22-4AC9-48DE-9F24-D0DFF694DE03}.Debug|Any CPU.Build.0 = Debug|Any CPU
		{77FF3C22-4AC9-48DE-9F24-D0DFF694DE03}.Release|Any CPU.ActiveCfg = Release|Any CPU
		{77FF3C22-4AC9-48DE-9F24-D0DFF694DE03}.Release|Any CPU.Build.0 = Release|Any CPU
		{A08A6235-919E-49CA-A15F-1A63D05A8F10}.Debug|Any CPU.ActiveCfg = Debug|Any CPU
		{A08A6235-919E-49CA-A15F-1A63D05A8F10}.Debug|Any CPU.Build.0 = Debug|Any CPU
		{A08A6235-919E-49CA-A15F-1A63D05A8F10}.Release|Any CPU.ActiveCfg = Release|Any CPU
		{A08A6235-919E-49CA-A15F-1A63D05A8F10}.Release|Any CPU.Build.0 = Release|Any CPU
		{A5BB6D9A-9EBE-4F11-B7AA-0776D865E5C1}.Debug|Any CPU.ActiveCfg = Debug|Any CPU
		{A5BB6D9A-9EBE-4F11-B7AA-0776D865E5C1}.Debug|Any CPU.Build.0 = Debug|Any CPU
		{A5BB6D9A-9EBE-4F11-B7AA-0776D865E5C1}.Release|Any CPU.ActiveCfg = Release|Any CPU
		{A5BB6D9A-9EBE-4F11-B7AA-0776D865E5C1}.Release|Any CPU.Build.0 = Release|Any CPU
		{638C3EB4-821F-4D5C-8089-CCE87E67C0BC}.Debug|Any CPU.ActiveCfg = Debug|Any CPU
		{638C3EB4-821F-4D5C-8089-CCE87E67C0BC}.Debug|Any CPU.Build.0 = Debug|Any CPU
		{638C3EB4-821F-4D5C-8089-CCE87E67C0BC}.Release|Any CPU.ActiveCfg = Release|Any CPU
		{638C3EB4-821F-4D5C-8089-CCE87E67C0BC}.Release|Any CPU.Build.0 = Release|Any CPU
		{25A0F3ED-9757-4641-8E86-A0F609C5709A}.Debug|Any CPU.ActiveCfg = Debug|Any CPU
		{25A0F3ED-9757-4641-8E86-A0F609C5709A}.Debug|Any CPU.Build.0 = Debug|Any CPU
		{25A0F3ED-9757-4641-8E86-A0F609C5709A}.Release|Any CPU.ActiveCfg = Release|Any CPU
		{25A0F3ED-9757-4641-8E86-A0F609C5709A}.Release|Any CPU.Build.0 = Release|Any CPU
		{70D2BCA4-BB25-46A1-99BF-C2016EBEB6BE}.Debug|Any CPU.ActiveCfg = Debug|Any CPU
		{70D2BCA4-BB25-46A1-99BF-C2016EBEB6BE}.Debug|Any CPU.Build.0 = Debug|Any CPU
		{70D2BCA4-BB25-46A1-99BF-C2016EBEB6BE}.Release|Any CPU.ActiveCfg = Release|Any CPU
		{70D2BCA4-BB25-46A1-99BF-C2016EBEB6BE}.Release|Any CPU.Build.0 = Release|Any CPU
		{B61309A6-E5DD-4AE7-A397-A9D264500767}.Debug|Any CPU.ActiveCfg = Debug|Any CPU
		{B61309A6-E5DD-4AE7-A397-A9D264500767}.Debug|Any CPU.Build.0 = Debug|Any CPU
		{B61309A6-E5DD-4AE7-A397-A9D264500767}.Release|Any CPU.ActiveCfg = Release|Any CPU
		{B61309A6-E5DD-4AE7-A397-A9D264500767}.Release|Any CPU.Build.0 = Release|Any CPU
		{6A205FD5-178F-4274-B27D-2068D6FAF762}.Debug|Any CPU.ActiveCfg = Debug|Any CPU
		{6A205FD5-178F-4274-B27D-2068D6FAF762}.Debug|Any CPU.Build.0 = Debug|Any CPU
		{6A205FD5-178F-4274-B27D-2068D6FAF762}.Release|Any CPU.ActiveCfg = Release|Any CPU
		{6A205FD5-178F-4274-B27D-2068D6FAF762}.Release|Any CPU.Build.0 = Release|Any CPU
	EndGlobalSection
	GlobalSection(SolutionProperties) = preSolution
		HideSolutionNode = FALSE
	EndGlobalSection
	GlobalSection(NestedProjects) = preSolution
		{B338B686-0DAB-49D2-8AF4-E42A153A9BBB} = {FCE841C0-A2C8-48E3-896F-AC05E70BC60B}
		{04AE61CF-BD53-48FD-BFC4-B79DB7CB1570} = {1F8EA7E3-BBE9-4672-AB01-E96F0CE135FA}
		{885E9873-91ED-49F6-8A0E-EEA2968AFADC} = {04AE61CF-BD53-48FD-BFC4-B79DB7CB1570}
		{FCE841C0-A2C8-48E3-896F-AC05E70BC60B} = {04AE61CF-BD53-48FD-BFC4-B79DB7CB1570}
		{A466C556-3E26-4B00-B294-2466C0E2EFDA} = {885E9873-91ED-49F6-8A0E-EEA2968AFADC}
		{77FF3C22-4AC9-48DE-9F24-D0DFF694DE03} = {885E9873-91ED-49F6-8A0E-EEA2968AFADC}
		{A08A6235-919E-49CA-A15F-1A63D05A8F10} = {885E9873-91ED-49F6-8A0E-EEA2968AFADC}
		{A5BB6D9A-9EBE-4F11-B7AA-0776D865E5C1} = {FCE841C0-A2C8-48E3-896F-AC05E70BC60B}
		{638C3EB4-821F-4D5C-8089-CCE87E67C0BC} = {FCE841C0-A2C8-48E3-896F-AC05E70BC60B}
		{25A0F3ED-9757-4641-8E86-A0F609C5709A} = {FCE841C0-A2C8-48E3-896F-AC05E70BC60B}
		{70D2BCA4-BB25-46A1-99BF-C2016EBEB6BE} = {B338B686-0DAB-49D2-8AF4-E42A153A9BBB}
		{B61309A6-E5DD-4AE7-A397-A9D264500767} = {B338B686-0DAB-49D2-8AF4-E42A153A9BBB}
		{6A205FD5-178F-4274-B27D-2068D6FAF762} = {B338B686-0DAB-49D2-8AF4-E42A153A9BBB}
	EndGlobalSection
	GlobalSection(ExtensibilityGlobals) = postSolution
		SolutionGuid = {261C14C2-FD09-4D4C-8BAF-5BA8D5FC3906}
	EndGlobalSection
EndGlobal
