
Microsoft Visual Studio Solution File, Format Version 12.00
# Visual Studio Version 17
VisualStudioVersion = 17.3.32929.385
MinimumVisualStudioVersion = 10.0.40219.1
Project("{2150E333-8FDC-42A3-9474-1A3956D46DE8}") = "Solution Items", "Solution Items", "{D6CD0938-C0AD-425C-9327-9A75E9E70F4E}"
	ProjectSection(SolutionItems) = preProject
		.github\workflows\dotnet.yml = .github\workflows\dotnet.yml
		sonar-project.properties = sonar-project.properties
	EndProjectSection
EndProject
Project("{2150E333-8FDC-42A3-9474-1A3956D46DE8}") = "src", "src", "{1F8EA7E3-BBE9-4672-AB01-E96F0CE135FA}"
EndProject
Project("{2150E333-8FDC-42A3-9474-1A3956D46DE8}") = "test", "test", "{B338B686-0DAB-49D2-8AF4-E42A153A9BBB}"
EndProject
Project("{9A19103F-16F7-4668-BE54-9A1E7A4F7556}") = "AuthorizationService.API", "Services\AuthorizationService\AuthorizationService.API\AuthorizationService.API.csproj", "{66554E2C-B86E-498F-9317-9805B1EC2B4E}"
EndProject
Project("{9A19103F-16F7-4668-BE54-9A1E7A4F7556}") = "AuthorizationService.BLL", "Services\AuthorizationService\AuthorizationService.BLL\AuthorizationService.BLL.csproj", "{C6BA1000-788D-4D1E-AF8D-D1A268EE3878}"
EndProject
Project("{9A19103F-16F7-4668-BE54-9A1E7A4F7556}") = "AuthorizationService.DAL", "Services\AuthorizationService\AuthorizationService.DAL\AuthorizationService.DAL.csproj", "{BA0F849F-A41E-4BD0-A107-3A42A6D86E52}"
EndProject
Project("{2150E333-8FDC-42A3-9474-1A3956D46DE8}") = "ProductService", "ProductService", "{01B1D687-CC94-46D2-9267-59859AD6951D}"
EndProject
Project("{2150E333-8FDC-42A3-9474-1A3956D46DE8}") = "ShippingService", "ShippingService", "{364D67EC-7CDE-4936-A1FA-2E454AB8883B}"
EndProject
Project("{2150E333-8FDC-42A3-9474-1A3956D46DE8}") = "AuthorizationService", "AuthorizationService", "{E4C407D2-D15D-4D84-9B26-F290EE667453}"
EndProject
Project("{9A19103F-16F7-4668-BE54-9A1E7A4F7556}") = "ShippingService.API", "Services\ShippingService\ShippingService.API\ShippingService.API.csproj", "{60972B1C-F8DC-483A-990A-8773004A5C6B}"
EndProject
Project("{9A19103F-16F7-4668-BE54-9A1E7A4F7556}") = "ShippingService.BLL", "Services\ShippingService\ShippingService.BLL\ShippingService.BLL.csproj", "{7F59BCD4-C089-4C01-B37A-F56ED4DCF9DC}"
EndProject
Project("{9A19103F-16F7-4668-BE54-9A1E7A4F7556}") = "IVCRM.API.IntegrationTests", "Services\ProductService\IVCRM.API.IntegrationTests\IVCRM.API.IntegrationTests.csproj", "{AF304B3D-A92B-4BA2-9065-F8903A6D8367}"
EndProject
Project("{9A19103F-16F7-4668-BE54-9A1E7A4F7556}") = "IVCRM.BLL.UnitTests", "Services\ProductService\IVCRM.BLL.UnitTests\IVCRM.BLL.UnitTests.csproj", "{61688CB8-3C28-476E-84E4-9D4C3A77F55A}"
EndProject
Project("{9A19103F-16F7-4668-BE54-9A1E7A4F7556}") = "IVCRM.DAL.IntegrationTests", "Services\ProductService\IVCRM.DAL.IntegrationTests\IVCRM.DAL.IntegrationTests.csproj", "{7ECA6EF5-BB41-4346-8696-C7ADC26D03A2}"
EndProject
Project("{9A19103F-16F7-4668-BE54-9A1E7A4F7556}") = "IVCRM.API", "Services\ProductService\IVCRM.API\IVCRM.API.csproj", "{F86FBEF3-E6BB-4A39-ACDF-1AB1D9298E4A}"
EndProject
Project("{9A19103F-16F7-4668-BE54-9A1E7A4F7556}") = "IVCRM.BLL", "Services\ProductService\IVCRM.BLL\IVCRM.BLL.csproj", "{DC9EF23B-C9A3-4F80-BE62-37A8149E9DFF}"
EndProject
Project("{9A19103F-16F7-4668-BE54-9A1E7A4F7556}") = "IVCRM.DAL", "Services\ProductService\IVCRM.DAL\IVCRM.DAL.csproj", "{70DBB89C-9272-4872-84BB-EF6D89E83DA4}"
EndProject
Project("{2150E333-8FDC-42A3-9474-1A3956D46DE8}") = "tests", "tests", "{4C5C386C-DC25-43D1-BF3F-7545603799D4}"
EndProject
Project("{9A19103F-16F7-4668-BE54-9A1E7A4F7556}") = "ShippingService.BLL.UnitTests", "Services\ShippingService\ShippingService.BLL.UnitTests\ShippingService.BLL.UnitTests.csproj", "{45E6E73A-8A7C-4BD1-9074-94D4752251E2}"
EndProject
Project("{9A19103F-16F7-4668-BE54-9A1E7A4F7556}") = "ShippingService.API.IntegrationTests", "Services\ShippingService\ShippingService.API.IntegrationTests\ShippingService.API.IntegrationTests.csproj", "{359A41FF-8AEC-4890-A6D0-B533F0E3DE2A}"
EndProject
Project("{9A19103F-16F7-4668-BE54-9A1E7A4F7556}") = "ShippingService.DAL", "Services\ShippingService\ShippingService.DAL\ShippingService.DAL.csproj", "{8FA8E50B-96C5-4D29-B274-3357E1BA124E}"
EndProject
Project("{9A19103F-16F7-4668-BE54-9A1E7A4F7556}") = "ShippingService.DAL.IntegrationTests", "Services\ShippingService\ShippingService.DAL.IntegrationTests\ShippingService.DAL.IntegrationTests.csproj", "{53058F53-7E9A-477A-9531-8AEEC2BAE912}"
EndProject
Project("{2150E333-8FDC-42A3-9474-1A3956D46DE8}") = "NotificationService", "NotificationService", "{B727BD12-355B-4117-A89F-9B7604B035FE}"
EndProject
Project("{9A19103F-16F7-4668-BE54-9A1E7A4F7556}") = "NotificationService.API", "Services\NotificationService\NotificationService.API\NotificationService.API.csproj", "{8D55B8DE-869F-4228-8B08-A01126AC89BC}"
EndProject
Project("{9A19103F-16F7-4668-BE54-9A1E7A4F7556}") = "NotificationService.BLL", "Services\NotificationService\NotificationService.BLL\NotificationService.BLL.csproj", "{0F830804-44EC-4959-9429-BBD8BFC044AA}"
EndProject
Project("{2150E333-8FDC-42A3-9474-1A3956D46DE8}") = "Gateway", "Gateway", "{F249A983-37FC-4092-BC51-60ABB898B56D}"
EndProject
Project("{9A19103F-16F7-4668-BE54-9A1E7A4F7556}") = "Gateway", "Services\Gateway\Gateway.csproj", "{0F47836C-7686-4DDE-AD3A-C4CDB262EA1B}"
EndProject
Project("{9A19103F-16F7-4668-BE54-9A1E7A4F7556}") = "Messages", "Services\Messages\Messages\Messages.csproj", "{2840F7A4-950C-4FC6-8E97-DA7B549F0954}"
EndProject
Project("{2150E333-8FDC-42A3-9474-1A3956D46DE8}") = "Messages", "Messages", "{A60BECED-3521-406A-852E-C54BC6A7098F}"
EndProject
Project("{9A19103F-16F7-4668-BE54-9A1E7A4F7556}") = "IVCRM.Core", "IVCRM.Core\IVCRM.Core.csproj", "{6BAF19AA-D25C-4539-BE86-D5B74DD65845}"
EndProject
Project("{FAE04EC0-301F-11D3-BF4B-00C04F79EFBC}") = "IVCRM.TestData", "IVCRM.TestData\IVCRM.TestData.csproj", "{B2CEBD06-F1EA-4D1C-B771-A2EE843F3677}"
EndProject
Global
	GlobalSection(SolutionConfigurationPlatforms) = preSolution
		Debug|Any CPU = Debug|Any CPU
		Release|Any CPU = Release|Any CPU
	EndGlobalSection
	GlobalSection(ProjectConfigurationPlatforms) = postSolution
		{66554E2C-B86E-498F-9317-9805B1EC2B4E}.Debug|Any CPU.ActiveCfg = Debug|Any CPU
		{66554E2C-B86E-498F-9317-9805B1EC2B4E}.Debug|Any CPU.Build.0 = Debug|Any CPU
		{66554E2C-B86E-498F-9317-9805B1EC2B4E}.Release|Any CPU.ActiveCfg = Release|Any CPU
		{66554E2C-B86E-498F-9317-9805B1EC2B4E}.Release|Any CPU.Build.0 = Release|Any CPU
		{C6BA1000-788D-4D1E-AF8D-D1A268EE3878}.Debug|Any CPU.ActiveCfg = Debug|Any CPU
		{C6BA1000-788D-4D1E-AF8D-D1A268EE3878}.Debug|Any CPU.Build.0 = Debug|Any CPU
		{C6BA1000-788D-4D1E-AF8D-D1A268EE3878}.Release|Any CPU.ActiveCfg = Release|Any CPU
		{C6BA1000-788D-4D1E-AF8D-D1A268EE3878}.Release|Any CPU.Build.0 = Release|Any CPU
		{BA0F849F-A41E-4BD0-A107-3A42A6D86E52}.Debug|Any CPU.ActiveCfg = Debug|Any CPU
		{BA0F849F-A41E-4BD0-A107-3A42A6D86E52}.Debug|Any CPU.Build.0 = Debug|Any CPU
		{BA0F849F-A41E-4BD0-A107-3A42A6D86E52}.Release|Any CPU.ActiveCfg = Release|Any CPU
		{BA0F849F-A41E-4BD0-A107-3A42A6D86E52}.Release|Any CPU.Build.0 = Release|Any CPU
		{60972B1C-F8DC-483A-990A-8773004A5C6B}.Debug|Any CPU.ActiveCfg = Debug|Any CPU
		{60972B1C-F8DC-483A-990A-8773004A5C6B}.Debug|Any CPU.Build.0 = Debug|Any CPU
		{60972B1C-F8DC-483A-990A-8773004A5C6B}.Release|Any CPU.ActiveCfg = Release|Any CPU
		{60972B1C-F8DC-483A-990A-8773004A5C6B}.Release|Any CPU.Build.0 = Release|Any CPU
		{7F59BCD4-C089-4C01-B37A-F56ED4DCF9DC}.Debug|Any CPU.ActiveCfg = Debug|Any CPU
		{7F59BCD4-C089-4C01-B37A-F56ED4DCF9DC}.Debug|Any CPU.Build.0 = Debug|Any CPU
		{7F59BCD4-C089-4C01-B37A-F56ED4DCF9DC}.Release|Any CPU.ActiveCfg = Release|Any CPU
		{7F59BCD4-C089-4C01-B37A-F56ED4DCF9DC}.Release|Any CPU.Build.0 = Release|Any CPU
		{AF304B3D-A92B-4BA2-9065-F8903A6D8367}.Debug|Any CPU.ActiveCfg = Debug|Any CPU
		{AF304B3D-A92B-4BA2-9065-F8903A6D8367}.Debug|Any CPU.Build.0 = Debug|Any CPU
		{AF304B3D-A92B-4BA2-9065-F8903A6D8367}.Release|Any CPU.ActiveCfg = Release|Any CPU
		{AF304B3D-A92B-4BA2-9065-F8903A6D8367}.Release|Any CPU.Build.0 = Release|Any CPU
		{61688CB8-3C28-476E-84E4-9D4C3A77F55A}.Debug|Any CPU.ActiveCfg = Debug|Any CPU
		{61688CB8-3C28-476E-84E4-9D4C3A77F55A}.Debug|Any CPU.Build.0 = Debug|Any CPU
		{61688CB8-3C28-476E-84E4-9D4C3A77F55A}.Release|Any CPU.ActiveCfg = Release|Any CPU
		{61688CB8-3C28-476E-84E4-9D4C3A77F55A}.Release|Any CPU.Build.0 = Release|Any CPU
		{7ECA6EF5-BB41-4346-8696-C7ADC26D03A2}.Debug|Any CPU.ActiveCfg = Debug|Any CPU
		{7ECA6EF5-BB41-4346-8696-C7ADC26D03A2}.Debug|Any CPU.Build.0 = Debug|Any CPU
		{7ECA6EF5-BB41-4346-8696-C7ADC26D03A2}.Release|Any CPU.ActiveCfg = Release|Any CPU
		{7ECA6EF5-BB41-4346-8696-C7ADC26D03A2}.Release|Any CPU.Build.0 = Release|Any CPU
		{F86FBEF3-E6BB-4A39-ACDF-1AB1D9298E4A}.Debug|Any CPU.ActiveCfg = Debug|Any CPU
		{F86FBEF3-E6BB-4A39-ACDF-1AB1D9298E4A}.Debug|Any CPU.Build.0 = Debug|Any CPU
		{F86FBEF3-E6BB-4A39-ACDF-1AB1D9298E4A}.Release|Any CPU.ActiveCfg = Release|Any CPU
		{F86FBEF3-E6BB-4A39-ACDF-1AB1D9298E4A}.Release|Any CPU.Build.0 = Release|Any CPU
		{DC9EF23B-C9A3-4F80-BE62-37A8149E9DFF}.Debug|Any CPU.ActiveCfg = Debug|Any CPU
		{DC9EF23B-C9A3-4F80-BE62-37A8149E9DFF}.Debug|Any CPU.Build.0 = Debug|Any CPU
		{DC9EF23B-C9A3-4F80-BE62-37A8149E9DFF}.Release|Any CPU.ActiveCfg = Release|Any CPU
		{DC9EF23B-C9A3-4F80-BE62-37A8149E9DFF}.Release|Any CPU.Build.0 = Release|Any CPU
		{70DBB89C-9272-4872-84BB-EF6D89E83DA4}.Debug|Any CPU.ActiveCfg = Debug|Any CPU
		{70DBB89C-9272-4872-84BB-EF6D89E83DA4}.Debug|Any CPU.Build.0 = Debug|Any CPU
		{70DBB89C-9272-4872-84BB-EF6D89E83DA4}.Release|Any CPU.ActiveCfg = Release|Any CPU
		{70DBB89C-9272-4872-84BB-EF6D89E83DA4}.Release|Any CPU.Build.0 = Release|Any CPU
		{45E6E73A-8A7C-4BD1-9074-94D4752251E2}.Debug|Any CPU.ActiveCfg = Debug|Any CPU
		{45E6E73A-8A7C-4BD1-9074-94D4752251E2}.Debug|Any CPU.Build.0 = Debug|Any CPU
		{45E6E73A-8A7C-4BD1-9074-94D4752251E2}.Release|Any CPU.ActiveCfg = Release|Any CPU
		{45E6E73A-8A7C-4BD1-9074-94D4752251E2}.Release|Any CPU.Build.0 = Release|Any CPU
		{359A41FF-8AEC-4890-A6D0-B533F0E3DE2A}.Debug|Any CPU.ActiveCfg = Debug|Any CPU
		{359A41FF-8AEC-4890-A6D0-B533F0E3DE2A}.Debug|Any CPU.Build.0 = Debug|Any CPU
		{359A41FF-8AEC-4890-A6D0-B533F0E3DE2A}.Release|Any CPU.ActiveCfg = Release|Any CPU
		{359A41FF-8AEC-4890-A6D0-B533F0E3DE2A}.Release|Any CPU.Build.0 = Release|Any CPU
		{8FA8E50B-96C5-4D29-B274-3357E1BA124E}.Debug|Any CPU.ActiveCfg = Debug|Any CPU
		{8FA8E50B-96C5-4D29-B274-3357E1BA124E}.Debug|Any CPU.Build.0 = Debug|Any CPU
		{8FA8E50B-96C5-4D29-B274-3357E1BA124E}.Release|Any CPU.ActiveCfg = Release|Any CPU
		{8FA8E50B-96C5-4D29-B274-3357E1BA124E}.Release|Any CPU.Build.0 = Release|Any CPU
		{53058F53-7E9A-477A-9531-8AEEC2BAE912}.Debug|Any CPU.ActiveCfg = Debug|Any CPU
		{53058F53-7E9A-477A-9531-8AEEC2BAE912}.Debug|Any CPU.Build.0 = Debug|Any CPU
		{53058F53-7E9A-477A-9531-8AEEC2BAE912}.Release|Any CPU.ActiveCfg = Release|Any CPU
		{53058F53-7E9A-477A-9531-8AEEC2BAE912}.Release|Any CPU.Build.0 = Release|Any CPU
		{8D55B8DE-869F-4228-8B08-A01126AC89BC}.Debug|Any CPU.ActiveCfg = Debug|Any CPU
		{8D55B8DE-869F-4228-8B08-A01126AC89BC}.Debug|Any CPU.Build.0 = Debug|Any CPU
		{8D55B8DE-869F-4228-8B08-A01126AC89BC}.Release|Any CPU.ActiveCfg = Release|Any CPU
		{8D55B8DE-869F-4228-8B08-A01126AC89BC}.Release|Any CPU.Build.0 = Release|Any CPU
		{0F830804-44EC-4959-9429-BBD8BFC044AA}.Debug|Any CPU.ActiveCfg = Debug|Any CPU
		{0F830804-44EC-4959-9429-BBD8BFC044AA}.Debug|Any CPU.Build.0 = Debug|Any CPU
		{0F830804-44EC-4959-9429-BBD8BFC044AA}.Release|Any CPU.ActiveCfg = Release|Any CPU
		{0F830804-44EC-4959-9429-BBD8BFC044AA}.Release|Any CPU.Build.0 = Release|Any CPU
		{0F47836C-7686-4DDE-AD3A-C4CDB262EA1B}.Debug|Any CPU.ActiveCfg = Debug|Any CPU
		{0F47836C-7686-4DDE-AD3A-C4CDB262EA1B}.Debug|Any CPU.Build.0 = Debug|Any CPU
		{0F47836C-7686-4DDE-AD3A-C4CDB262EA1B}.Release|Any CPU.ActiveCfg = Release|Any CPU
		{0F47836C-7686-4DDE-AD3A-C4CDB262EA1B}.Release|Any CPU.Build.0 = Release|Any CPU
		{2840F7A4-950C-4FC6-8E97-DA7B549F0954}.Debug|Any CPU.ActiveCfg = Debug|Any CPU
		{2840F7A4-950C-4FC6-8E97-DA7B549F0954}.Debug|Any CPU.Build.0 = Debug|Any CPU
		{2840F7A4-950C-4FC6-8E97-DA7B549F0954}.Release|Any CPU.ActiveCfg = Release|Any CPU
		{2840F7A4-950C-4FC6-8E97-DA7B549F0954}.Release|Any CPU.Build.0 = Release|Any CPU
		{6BAF19AA-D25C-4539-BE86-D5B74DD65845}.Debug|Any CPU.ActiveCfg = Debug|Any CPU
		{6BAF19AA-D25C-4539-BE86-D5B74DD65845}.Debug|Any CPU.Build.0 = Debug|Any CPU
		{6BAF19AA-D25C-4539-BE86-D5B74DD65845}.Release|Any CPU.ActiveCfg = Release|Any CPU
		{6BAF19AA-D25C-4539-BE86-D5B74DD65845}.Release|Any CPU.Build.0 = Release|Any CPU
		{B2CEBD06-F1EA-4D1C-B771-A2EE843F3677}.Debug|Any CPU.ActiveCfg = Debug|Any CPU
		{B2CEBD06-F1EA-4D1C-B771-A2EE843F3677}.Debug|Any CPU.Build.0 = Debug|Any CPU
		{B2CEBD06-F1EA-4D1C-B771-A2EE843F3677}.Release|Any CPU.ActiveCfg = Release|Any CPU
		{B2CEBD06-F1EA-4D1C-B771-A2EE843F3677}.Release|Any CPU.Build.0 = Release|Any CPU
	EndGlobalSection
	GlobalSection(SolutionProperties) = preSolution
		HideSolutionNode = FALSE
	EndGlobalSection
	GlobalSection(NestedProjects) = preSolution
		{B338B686-0DAB-49D2-8AF4-E42A153A9BBB} = {01B1D687-CC94-46D2-9267-59859AD6951D}
		{66554E2C-B86E-498F-9317-9805B1EC2B4E} = {E4C407D2-D15D-4D84-9B26-F290EE667453}
		{C6BA1000-788D-4D1E-AF8D-D1A268EE3878} = {E4C407D2-D15D-4D84-9B26-F290EE667453}
		{BA0F849F-A41E-4BD0-A107-3A42A6D86E52} = {E4C407D2-D15D-4D84-9B26-F290EE667453}
		{01B1D687-CC94-46D2-9267-59859AD6951D} = {1F8EA7E3-BBE9-4672-AB01-E96F0CE135FA}
		{364D67EC-7CDE-4936-A1FA-2E454AB8883B} = {1F8EA7E3-BBE9-4672-AB01-E96F0CE135FA}
		{E4C407D2-D15D-4D84-9B26-F290EE667453} = {1F8EA7E3-BBE9-4672-AB01-E96F0CE135FA}
		{60972B1C-F8DC-483A-990A-8773004A5C6B} = {364D67EC-7CDE-4936-A1FA-2E454AB8883B}
		{7F59BCD4-C089-4C01-B37A-F56ED4DCF9DC} = {364D67EC-7CDE-4936-A1FA-2E454AB8883B}
		{AF304B3D-A92B-4BA2-9065-F8903A6D8367} = {B338B686-0DAB-49D2-8AF4-E42A153A9BBB}
		{61688CB8-3C28-476E-84E4-9D4C3A77F55A} = {B338B686-0DAB-49D2-8AF4-E42A153A9BBB}
		{7ECA6EF5-BB41-4346-8696-C7ADC26D03A2} = {B338B686-0DAB-49D2-8AF4-E42A153A9BBB}
		{F86FBEF3-E6BB-4A39-ACDF-1AB1D9298E4A} = {01B1D687-CC94-46D2-9267-59859AD6951D}
		{DC9EF23B-C9A3-4F80-BE62-37A8149E9DFF} = {01B1D687-CC94-46D2-9267-59859AD6951D}
		{70DBB89C-9272-4872-84BB-EF6D89E83DA4} = {01B1D687-CC94-46D2-9267-59859AD6951D}
		{4C5C386C-DC25-43D1-BF3F-7545603799D4} = {364D67EC-7CDE-4936-A1FA-2E454AB8883B}
		{45E6E73A-8A7C-4BD1-9074-94D4752251E2} = {4C5C386C-DC25-43D1-BF3F-7545603799D4}
		{359A41FF-8AEC-4890-A6D0-B533F0E3DE2A} = {4C5C386C-DC25-43D1-BF3F-7545603799D4}
		{8FA8E50B-96C5-4D29-B274-3357E1BA124E} = {364D67EC-7CDE-4936-A1FA-2E454AB8883B}
		{53058F53-7E9A-477A-9531-8AEEC2BAE912} = {4C5C386C-DC25-43D1-BF3F-7545603799D4}
		{B727BD12-355B-4117-A89F-9B7604B035FE} = {1F8EA7E3-BBE9-4672-AB01-E96F0CE135FA}
		{8D55B8DE-869F-4228-8B08-A01126AC89BC} = {B727BD12-355B-4117-A89F-9B7604B035FE}
		{0F830804-44EC-4959-9429-BBD8BFC044AA} = {B727BD12-355B-4117-A89F-9B7604B035FE}
		{F249A983-37FC-4092-BC51-60ABB898B56D} = {1F8EA7E3-BBE9-4672-AB01-E96F0CE135FA}
		{0F47836C-7686-4DDE-AD3A-C4CDB262EA1B} = {F249A983-37FC-4092-BC51-60ABB898B56D}
		{2840F7A4-950C-4FC6-8E97-DA7B549F0954} = {A60BECED-3521-406A-852E-C54BC6A7098F}
		{A60BECED-3521-406A-852E-C54BC6A7098F} = {1F8EA7E3-BBE9-4672-AB01-E96F0CE135FA}
		{6BAF19AA-D25C-4539-BE86-D5B74DD65845} = {1F8EA7E3-BBE9-4672-AB01-E96F0CE135FA}
		{B2CEBD06-F1EA-4D1C-B771-A2EE843F3677} = {B338B686-0DAB-49D2-8AF4-E42A153A9BBB}
	EndGlobalSection
	GlobalSection(ExtensibilityGlobals) = postSolution
		SolutionGuid = {261C14C2-FD09-4D4C-8BAF-5BA8D5FC3906}
	EndGlobalSection
EndGlobal
