
Microsoft Visual Studio Solution File, Format Version 12.00
# Visual Studio Version 17
VisualStudioVersion = 17.3.32929.385
MinimumVisualStudioVersion = 10.0.40219.1
Project("{2150E333-8FDC-42A3-9474-1A3956D46DE8}") = "Solution Items", "Solution Items", "{D6CD0938-C0AD-425C-9327-9A75E9E70F4E}"
	ProjectSection(SolutionItems) = preProject
		.github\workflows\dotnet.yml = .github\workflows\dotnet.yml
	EndProjectSection
EndProject
Project("{2150E333-8FDC-42A3-9474-1A3956D46DE8}") = "src", "src", "{1F8EA7E3-BBE9-4672-AB01-E96F0CE135FA}"
EndProject
Project("{2150E333-8FDC-42A3-9474-1A3956D46DE8}") = "test", "test", "{B338B686-0DAB-49D2-8AF4-E42A153A9BBB}"
EndProject
Project("{2150E333-8FDC-42A3-9474-1A3956D46DE8}") = "Services", "Services", "{E0D6FC64-7174-44B8-AC3B-C22C805F65F5}"
EndProject
Project("{2150E333-8FDC-42A3-9474-1A3956D46DE8}") = "ProductService", "ProductService", "{B1918E89-3FDF-47B5-B315-5ABCB3009C32}"
EndProject
Project("{9A19103F-16F7-4668-BE54-9A1E7A4F7556}") = "IVCRM.API", "Services\ProductService\IVCRM.API\IVCRM.API.csproj", "{5587EF10-C78A-4949-927C-DBB3FB977088}"
EndProject
Project("{9A19103F-16F7-4668-BE54-9A1E7A4F7556}") = "IVCRM.BLL", "Services\ProductService\IVCRM.BLL\IVCRM.BLL.csproj", "{3D030CFE-64D6-48C9-B9FB-D77EC0532519}"
EndProject
Project("{9A19103F-16F7-4668-BE54-9A1E7A4F7556}") = "IVCRM.DAL", "Services\ProductService\IVCRM.DAL\IVCRM.DAL.csproj", "{57FCDA13-7B5E-4614-B19B-964D43CA2F22}"
EndProject
Project("{9A19103F-16F7-4668-BE54-9A1E7A4F7556}") = "IVCRM.API.IntegrationTests", "Services\ProductService\IVCRM.API.IntegrationTests\IVCRM.API.IntegrationTests.csproj", "{42F2250D-D2F2-4CDF-B97B-9EE76C77488F}"
EndProject
Project("{9A19103F-16F7-4668-BE54-9A1E7A4F7556}") = "IVCRM.BLL.UnitTests", "Services\ProductService\IVCRM.BLL.UnitTests\IVCRM.BLL.UnitTests.csproj", "{93D3627E-A51E-4133-9AAB-AE15DF13074E}"
EndProject
Project("{9A19103F-16F7-4668-BE54-9A1E7A4F7556}") = "IVCRM.DAL.IntegrationTests", "Services\ProductService\IVCRM.DAL.IntegrationTests\IVCRM.DAL.IntegrationTests.csproj", "{0CAC776F-82AC-4CA1-AE69-2A3CCCC983DD}"
EndProject
Global
	GlobalSection(SolutionConfigurationPlatforms) = preSolution
		Debug|Any CPU = Debug|Any CPU
		Release|Any CPU = Release|Any CPU
	EndGlobalSection
	GlobalSection(ProjectConfigurationPlatforms) = postSolution
		{5587EF10-C78A-4949-927C-DBB3FB977088}.Debug|Any CPU.ActiveCfg = Debug|Any CPU
		{5587EF10-C78A-4949-927C-DBB3FB977088}.Debug|Any CPU.Build.0 = Debug|Any CPU
		{5587EF10-C78A-4949-927C-DBB3FB977088}.Release|Any CPU.ActiveCfg = Release|Any CPU
		{5587EF10-C78A-4949-927C-DBB3FB977088}.Release|Any CPU.Build.0 = Release|Any CPU
		{3D030CFE-64D6-48C9-B9FB-D77EC0532519}.Debug|Any CPU.ActiveCfg = Debug|Any CPU
		{3D030CFE-64D6-48C9-B9FB-D77EC0532519}.Debug|Any CPU.Build.0 = Debug|Any CPU
		{3D030CFE-64D6-48C9-B9FB-D77EC0532519}.Release|Any CPU.ActiveCfg = Release|Any CPU
		{3D030CFE-64D6-48C9-B9FB-D77EC0532519}.Release|Any CPU.Build.0 = Release|Any CPU
		{57FCDA13-7B5E-4614-B19B-964D43CA2F22}.Debug|Any CPU.ActiveCfg = Debug|Any CPU
		{57FCDA13-7B5E-4614-B19B-964D43CA2F22}.Debug|Any CPU.Build.0 = Debug|Any CPU
		{57FCDA13-7B5E-4614-B19B-964D43CA2F22}.Release|Any CPU.ActiveCfg = Release|Any CPU
		{57FCDA13-7B5E-4614-B19B-964D43CA2F22}.Release|Any CPU.Build.0 = Release|Any CPU
		{42F2250D-D2F2-4CDF-B97B-9EE76C77488F}.Debug|Any CPU.ActiveCfg = Debug|Any CPU
		{42F2250D-D2F2-4CDF-B97B-9EE76C77488F}.Debug|Any CPU.Build.0 = Debug|Any CPU
		{42F2250D-D2F2-4CDF-B97B-9EE76C77488F}.Release|Any CPU.ActiveCfg = Release|Any CPU
		{42F2250D-D2F2-4CDF-B97B-9EE76C77488F}.Release|Any CPU.Build.0 = Release|Any CPU
		{93D3627E-A51E-4133-9AAB-AE15DF13074E}.Debug|Any CPU.ActiveCfg = Debug|Any CPU
		{93D3627E-A51E-4133-9AAB-AE15DF13074E}.Debug|Any CPU.Build.0 = Debug|Any CPU
		{93D3627E-A51E-4133-9AAB-AE15DF13074E}.Release|Any CPU.ActiveCfg = Release|Any CPU
		{93D3627E-A51E-4133-9AAB-AE15DF13074E}.Release|Any CPU.Build.0 = Release|Any CPU
		{0CAC776F-82AC-4CA1-AE69-2A3CCCC983DD}.Debug|Any CPU.ActiveCfg = Debug|Any CPU
		{0CAC776F-82AC-4CA1-AE69-2A3CCCC983DD}.Debug|Any CPU.Build.0 = Debug|Any CPU
		{0CAC776F-82AC-4CA1-AE69-2A3CCCC983DD}.Release|Any CPU.ActiveCfg = Release|Any CPU
		{0CAC776F-82AC-4CA1-AE69-2A3CCCC983DD}.Release|Any CPU.Build.0 = Release|Any CPU
	EndGlobalSection
	GlobalSection(SolutionProperties) = preSolution
		HideSolutionNode = FALSE
	EndGlobalSection
	GlobalSection(NestedProjects) = preSolution
		{B338B686-0DAB-49D2-8AF4-E42A153A9BBB} = {B1918E89-3FDF-47B5-B315-5ABCB3009C32}
		{E0D6FC64-7174-44B8-AC3B-C22C805F65F5} = {1F8EA7E3-BBE9-4672-AB01-E96F0CE135FA}
		{B1918E89-3FDF-47B5-B315-5ABCB3009C32} = {E0D6FC64-7174-44B8-AC3B-C22C805F65F5}
		{5587EF10-C78A-4949-927C-DBB3FB977088} = {B1918E89-3FDF-47B5-B315-5ABCB3009C32}
		{3D030CFE-64D6-48C9-B9FB-D77EC0532519} = {B1918E89-3FDF-47B5-B315-5ABCB3009C32}
		{57FCDA13-7B5E-4614-B19B-964D43CA2F22} = {B1918E89-3FDF-47B5-B315-5ABCB3009C32}
		{42F2250D-D2F2-4CDF-B97B-9EE76C77488F} = {B338B686-0DAB-49D2-8AF4-E42A153A9BBB}
		{93D3627E-A51E-4133-9AAB-AE15DF13074E} = {B338B686-0DAB-49D2-8AF4-E42A153A9BBB}
		{0CAC776F-82AC-4CA1-AE69-2A3CCCC983DD} = {B338B686-0DAB-49D2-8AF4-E42A153A9BBB}
	EndGlobalSection
	GlobalSection(ExtensibilityGlobals) = postSolution
		SolutionGuid = {261C14C2-FD09-4D4C-8BAF-5BA8D5FC3906}
	EndGlobalSection
EndGlobal
